
Microsoft Visual Studio Solution File, Format Version 12.00
# Visual Studio Version 16
VisualStudioVersion = 16.0.31729.503
MinimumVisualStudioVersion = 10.0.40219.1
Project("{FAE04EC0-301F-11D3-BF4B-00C04F79EFBC}") = "Classlib", "Classlib\Classlib.csproj", "{69D25742-4473-4B7D-80C0-1D956FAC138C}"
EndProject
Project("{FAE04EC0-301F-11D3-BF4B-00C04F79EFBC}") = "TestProject1", "TestProject1\TestProject1.csproj", "{C4CE9B29-D2BE-4949-B5D5-DB219DAD980F}"
EndProject
Global
	GlobalSection(SolutionConfigurationPlatforms) = preSolution
		Debug|Any CPU = Debug|Any CPU
		Release|Any CPU = Release|Any CPU
	EndGlobalSection
	GlobalSection(ProjectConfigurationPlatforms) = postSolution
		{69D25742-4473-4B7D-80C0-1D956FAC138C}.Debug|Any CPU.ActiveCfg = Debug|Any CPU
		{69D25742-4473-4B7D-80C0-1D956FAC138C}.Debug|Any CPU.Build.0 = Debug|Any CPU
		{69D25742-4473-4B7D-80C0-1D956FAC138C}.Release|Any CPU.ActiveCfg = Release|Any CPU
		{69D25742-4473-4B7D-80C0-1D956FAC138C}.Release|Any CPU.Build.0 = Release|Any CPU
		{C4CE9B29-D2BE-4949-B5D5-DB219DAD980F}.Debug|Any CPU.ActiveCfg = Debug|Any CPU
		{C4CE9B29-D2BE-4949-B5D5-DB219DAD980F}.Debug|Any CPU.Build.0 = Debug|Any CPU
		{C4CE9B29-D2BE-4949-B5D5-DB219DAD980F}.Release|Any CPU.ActiveCfg = Release|Any CPU
		{C4CE9B29-D2BE-4949-B5D5-DB219DAD980F}.Release|Any CPU.Build.0 = Release|Any CPU
	EndGlobalSection
	GlobalSection(SolutionProperties) = preSolution
		HideSolutionNode = FALSE
	EndGlobalSection
	GlobalSection(ExtensibilityGlobals) = postSolution
		SolutionGuid = {F6AAFD20-7BF8-41CE-A546-32BE8E7672C0}
	EndGlobalSection
EndGlobal
